{
	"name": "jshint-server",
	"version": "0.10.0",
	"lockfileVersion": 1,
	"requires": true,
	"dependencies": {
		"@types/lodash": {
			"version": "4.14.108",
			"resolved": "https://registry.npmjs.org/@types/lodash/-/lodash-4.14.108.tgz",
			"integrity": "sha512-WD2vUOKfBBVHxWUV9iMR9RMfpuf8HquxWeAq2yqGVL7Nc4JW2+sQama0pREMqzNI3Tutj0PyxYUJwuoxxvX+xA==",
			"dev": true
		},
		"array-unique": {
			"version": "0.3.2",
			"resolved": "https://registry.npmjs.org/array-unique/-/array-unique-0.3.2.tgz",
			"integrity": "sha1-qJS3XUvE9s1nnvMkSp/Y9Gri1Cg="
		},
		"balanced-match": {
			"version": "1.0.0",
			"resolved": "https://registry.npmjs.org/balanced-match/-/balanced-match-1.0.0.tgz",
			"integrity": "sha1-ibTRmasr7kneFk6gK4nORi1xt2c="
		},
		"brace-expansion": {
			"version": "1.1.8",
			"resolved": "https://registry.npmjs.org/brace-expansion/-/brace-expansion-1.1.8.tgz",
			"integrity": "sha1-wHshHHyVLsH479Uad+8NHTmQopI=",
			"requires": {
				"balanced-match": "^1.0.0",
				"concat-map": "0.0.1"
			}
		},
		"concat-map": {
			"version": "0.0.1",
			"resolved": "https://registry.npmjs.org/concat-map/-/concat-map-0.0.1.tgz",
			"integrity": "sha1-2Klr13/Wjfd5OnMDajug1UBdR3s="
		},
		"core-util-is": {
			"version": "1.0.2",
			"resolved": "https://registry.npmjs.org/core-util-is/-/core-util-is-1.0.2.tgz",
			"integrity": "sha1-tf1UIgqivFq1eqtxQMlAdUUDwac="
		},
		"dom-serializer": {
			"version": "0.1.0",
			"resolved": "https://registry.npmjs.org/dom-serializer/-/dom-serializer-0.1.0.tgz",
			"integrity": "sha1-BzxpdUbOB4DOI75KKOKT5AvDDII=",
			"requires": {
				"domelementtype": "~1.1.1",
				"entities": "~1.1.1"
			},
			"dependencies": {
				"domelementtype": {
					"version": "1.1.3",
					"resolved": "https://registry.npmjs.org/domelementtype/-/domelementtype-1.1.3.tgz",
					"integrity": "sha1-vSh3PiZCiBrsUVRJJCmcXNgiGFs="
				}
			}
		},
		"domelementtype": {
			"version": "1.3.0",
			"resolved": "https://registry.npmjs.org/domelementtype/-/domelementtype-1.3.0.tgz",
			"integrity": "sha1-sXrtguirWeUt2cGbF1bg/BhyBMI="
		},
		"domhandler": {
			"version": "2.4.1",
			"resolved": "https://registry.npmjs.org/domhandler/-/domhandler-2.4.1.tgz",
			"integrity": "sha1-iS5HAAqZvlW783dP/qBWHYh5wlk=",
			"requires": {
				"domelementtype": "1"
			}
		},
		"domutils": {
			"version": "1.6.2",
			"resolved": "https://registry.npmjs.org/domutils/-/domutils-1.6.2.tgz",
			"integrity": "sha1-GVjMC0yUJuntNn+xyOhUiRsPo/8=",
			"requires": {
				"dom-serializer": "0",
				"domelementtype": "1"
			}
		},
		"entities": {
			"version": "1.1.1",
			"resolved": "https://registry.npmjs.org/entities/-/entities-1.1.1.tgz",
			"integrity": "sha1-blwtClYhtdra7O+AuQ7ftc13cvA="
		},
		"htmlparser2": {
			"version": "3.9.2",
			"resolved": "https://registry.npmjs.org/htmlparser2/-/htmlparser2-3.9.2.tgz",
			"integrity": "sha1-G9+HrMoPP55T+k/M6w9LTLsAszg=",
			"requires": {
				"domelementtype": "^1.3.0",
				"domhandler": "^2.3.0",
				"domutils": "^1.5.1",
				"entities": "^1.1.1",
				"inherits": "^2.0.1",
				"readable-stream": "^2.0.2"
			}
		},
		"inherits": {
			"version": "2.0.3",
			"resolved": "https://registry.npmjs.org/inherits/-/inherits-2.0.3.tgz",
			"integrity": "sha1-Yzwsg+PaQqUC9SRmAiSA9CCCYd4="
		},
		"is-extglob": {
			"version": "2.1.1",
			"resolved": "https://registry.npmjs.org/is-extglob/-/is-extglob-2.1.1.tgz",
			"integrity": "sha1-qIwCU1eR8C7TfHahueqXc8gz+MI="
		},
		"is-glob": {
			"version": "3.1.0",
			"resolved": "https://registry.npmjs.org/is-glob/-/is-glob-3.1.0.tgz",
			"integrity": "sha1-e6WuJCF4BKxwcHuWkiVnSGzD6Eo=",
			"requires": {
				"is-extglob": "^2.1.0"
			}
		},
		"isarray": {
			"version": "1.0.0",
			"resolved": "https://registry.npmjs.org/isarray/-/isarray-1.0.0.tgz",
			"integrity": "sha1-u5NdSFgsuhaMBoNJV6VKPgcSTxE="
		},
		"lodash": {
			"version": "4.17.15",
			"resolved": "https://registry.npmjs.org/lodash/-/lodash-4.17.15.tgz",
			"integrity": "sha512-8xOcRHvCjnocdS5cpwXQXVzmmh5e5+saE2QGoeQmbKmRS6J3VQppPOIt0MnmE+4xlZoumy0GPG0D0MVIQbNA1A=="
		},
		"minimatch": {
			"version": "3.0.4",
			"resolved": "https://registry.npmjs.org/minimatch/-/minimatch-3.0.4.tgz",
			"integrity": "sha512-yJHVQEhyqPLUTgt9B83PXu6W3rx4MvvHvSUvToogpwoGDOUQ+yDrR0HRot+yOCdCO7u4hX3pWft6kWBBcqh0UA==",
			"requires": {
				"brace-expansion": "^1.1.7"
			}
		},
		"parse-gitignore": {
			"version": "0.4.0",
			"resolved": "https://registry.npmjs.org/parse-gitignore/-/parse-gitignore-0.4.0.tgz",
			"integrity": "sha1-q/cC5LkAUk//eQK2g4YoV7Y/k/4=",
			"requires": {
				"array-unique": "^0.3.2",
				"is-glob": "^3.1.0"
			}
		},
		"process-nextick-args": {
			"version": "1.0.7",
			"resolved": "https://registry.npmjs.org/process-nextick-args/-/process-nextick-args-1.0.7.tgz",
			"integrity": "sha1-FQ4gt1ZZCtP5EJPyWk8q2L/zC6M="
		},
		"readable-stream": {
			"version": "2.3.3",
			"resolved": "https://registry.npmjs.org/readable-stream/-/readable-stream-2.3.3.tgz",
			"integrity": "sha512-m+qzzcn7KUxEmd1gMbchF+Y2eIUbieUaxkWtptyHywrX0rE8QEYqPC07Vuy4Wm32/xE16NcdBctb8S0Xe/5IeQ==",
			"requires": {
				"core-util-is": "~1.0.0",
				"inherits": "~2.0.3",
				"isarray": "~1.0.0",
				"process-nextick-args": "~1.0.6",
				"safe-buffer": "~5.1.1",
				"string_decoder": "~1.0.3",
				"util-deprecate": "~1.0.1"
			}
		},
		"safe-buffer": {
			"version": "5.1.1",
			"resolved": "https://registry.npmjs.org/safe-buffer/-/safe-buffer-5.1.1.tgz",
			"integrity": "sha512-kKvNJn6Mm93gAczWVJg7wH+wGYWNrDHdWvpUmHyEsgCtIwwo3bqPtV4tR5tuPaUhTOo/kvhVwd8XwwOllGYkbg=="
		},
		"string_decoder": {
			"version": "1.0.3",
			"resolved": "https://registry.npmjs.org/string_decoder/-/string_decoder-1.0.3.tgz",
			"integrity": "sha512-4AH6Z5fzNNBcH+6XDMfA/BTt87skxqJlO0lAh3Dker5zThcAxG6mKz+iGu308UKoPPQ8Dcqx/4JhujzltRa+hQ==",
			"requires": {
				"safe-buffer": "~5.1.0"
			}
		},
		"util-deprecate": {
			"version": "1.0.2",
			"resolved": "https://registry.npmjs.org/util-deprecate/-/util-deprecate-1.0.2.tgz",
			"integrity": "sha1-RQ1Nyfpw3nMnYvvS1KKJgUGaDM8="
		},
		"vscode-jsonrpc": {
			"version": "3.6.2",
			"resolved": "https://registry.npmjs.org/vscode-jsonrpc/-/vscode-jsonrpc-3.6.2.tgz",
			"integrity": "sha512-T24Jb5V48e4VgYliUXMnZ379ItbrXgOimweKaJshD84z+8q7ZOZjJan0MeDe+Ugb+uqERDVV8SBmemaGMSMugA=="
		},
		"vscode-languageserver": {
			"version": "5.0.3",
			"resolved": "https://registry.npmjs.org/vscode-languageserver/-/vscode-languageserver-5.0.3.tgz",
			"integrity": "sha512-itOImvZfDueQXMhy4pm2SwPKa3AShZvILXFcK/5X3ruiYdZozmx3OeD5Y92dVBt0OzTdbVD9MZcEelH4E7Eu3g==",
			"requires": {
				"vscode-languageserver-protocol": "^3.10.3",
				"vscode-uri": "^1.0.5"
			}
		},
		"vscode-languageserver-protocol": {
			"version": "3.12.0",
			"resolved": "https://registry.npmjs.org/vscode-languageserver-protocol/-/vscode-languageserver-protocol-3.12.0.tgz",
			"integrity": "sha512-evY6hmyzLnwQrqlQWPrNBq1z8wrSNjLesmgPzeS6Zv11mVS5UJRel26hbM/DH5tHdn45huNzRW0eFHRmIm8LpA==",
			"requires": {
				"vscode-jsonrpc": "^3.6.2",
				"vscode-languageserver-types": "^3.12.0"
			}
		},
		"vscode-languageserver-types": {
			"version": "3.12.0",
			"resolved": "https://registry.npmjs.org/vscode-languageserver-types/-/vscode-languageserver-types-3.12.0.tgz",
			"integrity": "sha512-UxqnpzBToPO7Mi2tr/s5JeyPOSKSJtLB8lIdxCg9ZNdvP2cU8wS7iTDtwQKz91Ne4CUmTdf85ddR5SIZKXmMjQ=="
		},
		"vscode-uri": {
			"version": "1.0.6",
			"resolved": "https://registry.npmjs.org/vscode-uri/-/vscode-uri-1.0.6.tgz",
			"integrity": "sha512-sLI2L0uGov3wKVb9EB+vIQBl9tVP90nqRvxSoJ35vI3NjxE8jfsE5DSOhWgSunHSZmKS4OCi2jrtfxK7uyp2ww=="
		}
	}
}
